#
# This file is autogenerated by pip-compile with Python 3.13
# by the following command:
#
#    pip-compile --allow-unsafe --extra=dev --output-file=requirements-dev.lock --strip-extras pyproject.toml
#
altgraph==0.17.5
    # via pyinstaller
ast-serialize==0.8.0
    # via mypy
build==1.6.0
    # via pip-tools
click==8.5.0
    # via pip-tools
colorama==0.4.6
    # via
    #   build
    #   pytest
coverage==7.16.0
    # via pytest-cov
iniconfig==2.3.0
    # via pytest
librt==0.15.0
    # via mypy
mypy==2.3.1
    # via bookmark-xport (pyproject.toml)
mypy-extensions==1.1.0
    # via mypy
packaging==26.3
    # via
    #   build
    #   pyinstaller
    #   pyinstaller-hooks-contrib
    #   pytest
    #   wheel
pathspec==1.1.1
    # via mypy
pefile==2024.8.26
    # via pyinstaller
pip-tools==7.6.1
    # via bookmark-xport (pyproject.toml)
pluggy==1.6.0
    # via
    #   pytest
    #   pytest-cov
    #   pytest-qt
pygments==2.21.0
    # via pytest
pyinstaller==6.22.2
    # via bookmark-xport (pyproject.toml)
pyinstaller-hooks-contrib==2026.7
    # via pyinstaller
pyproject-hooks==1.2.0
    # via
    #   build
    #   pip-tools
pyside6==6.11.2
    # via bookmark-xport (pyproject.toml)
pyside6-addons==6.11.2
    # via pyside6
pyside6-essentials==6.11.2
    # via
    #   pyside6
    #   pyside6-addons
pytest==9.1.1
    # via
    #   bookmark-xport (pyproject.toml)
    #   pytest-cov
    #   pytest-qt
pytest-cov==7.1.0
    # via bookmark-xport (pyproject.toml)
pytest-qt==4.5.0
    # via bookmark-xport (pyproject.toml)
pywin32-ctypes==0.2.3
    # via pyinstaller
ruff==0.16.5
    # via bookmark-xport (pyproject.toml)
shiboken6==6.11.2
    # via
    #   pyside6
    #   pyside6-addons
    #   pyside6-essentials
typing-extensions==4.16.0
    # via
    #   mypy
    #   pytest-qt
wheel==0.48.0
    # via pip-tools

# The following packages are considered to be unsafe in a requirements file:
pip==26.2.1
    # via pip-tools
setuptools==84.0.0
    # via
    #   pip-tools
    #   pyinstaller
